
Microsoft Visual Studio Solution File, Format Version 12.00
# Visual Studio Version 17
VisualStudioVersion = 17.4.33213.308
MinimumVisualStudioVersion = 10.0.40219.1
Project("{9A19103F-16F7-4668-BE54-9A1E7A4F7556}") = "TaskApp.Api", "TaskApp.Api.csproj", "{9EBE9225-6D9E-4008-8D94-2FA222CDB2C4}"
EndProject
Project("{9A19103F-16F7-4668-BE54-9A1E7A4F7556}") = "TaskApp.Services", "..\TaskApp.Services\TaskApp.Services.csproj", "{62DA240F-0555-4E93-BF9D-7BC83F5C7A99}"
EndProject
Project("{9A19103F-16F7-4668-BE54-9A1E7A4F7556}") = "TaskApp.Data", "..\TaskApp.Data\TaskApp.Data.csproj", "{FAA97E3F-CB35-4105-9E7D-A122CE4C453E}"
EndProject
Project("{9A19103F-16F7-4668-BE54-9A1E7A4F7556}") = "TaskApp.WorkerService", "..\TaskApp.WorkerService\TaskApp.WorkerService.csproj", "{76BB15D5-F21C-43A2-B3EA-F8746E1B36E1}"
EndProject
Global
	GlobalSection(SolutionConfigurationPlatforms) = preSolution
		Debug|Any CPU = Debug|Any CPU
		Release|Any CPU = Release|Any CPU
	EndGlobalSection
	GlobalSection(ProjectConfigurationPlatforms) = postSolution
		{9EBE9225-6D9E-4008-8D94-2FA222CDB2C4}.Debug|Any CPU.ActiveCfg = Debug|Any CPU
		{9EBE9225-6D9E-4008-8D94-2FA222CDB2C4}.Debug|Any CPU.Build.0 = Debug|Any CPU
		{9EBE9225-6D9E-4008-8D94-2FA222CDB2C4}.Release|Any CPU.ActiveCfg = Release|Any CPU
		{9EBE9225-6D9E-4008-8D94-2FA222CDB2C4}.Release|Any CPU.Build.0 = Release|Any CPU
		{62DA240F-0555-4E93-BF9D-7BC83F5C7A99}.Debug|Any CPU.ActiveCfg = Debug|Any CPU
		{62DA240F-0555-4E93-BF9D-7BC83F5C7A99}.Debug|Any CPU.Build.0 = Debug|Any CPU
		{62DA240F-0555-4E93-BF9D-7BC83F5C7A99}.Release|Any CPU.ActiveCfg = Release|Any CPU
		{62DA240F-0555-4E93-BF9D-7BC83F5C7A99}.Release|Any CPU.Build.0 = Release|Any CPU
		{FAA97E3F-CB35-4105-9E7D-A122CE4C453E}.Debug|Any CPU.ActiveCfg = Debug|Any CPU
		{FAA97E3F-CB35-4105-9E7D-A122CE4C453E}.Debug|Any CPU.Build.0 = Debug|Any CPU
		{FAA97E3F-CB35-4105-9E7D-A122CE4C453E}.Release|Any CPU.ActiveCfg = Release|Any CPU
		{FAA97E3F-CB35-4105-9E7D-A122CE4C453E}.Release|Any CPU.Build.0 = Release|Any CPU
		{76BB15D5-F21C-43A2-B3EA-F8746E1B36E1}.Debug|Any CPU.ActiveCfg = Debug|Any CPU
		{76BB15D5-F21C-43A2-B3EA-F8746E1B36E1}.Debug|Any CPU.Build.0 = Debug|Any CPU
		{76BB15D5-F21C-43A2-B3EA-F8746E1B36E1}.Release|Any CPU.ActiveCfg = Release|Any CPU
		{76BB15D5-F21C-43A2-B3EA-F8746E1B36E1}.Release|Any CPU.Build.0 = Release|Any CPU
	EndGlobalSection
	GlobalSection(SolutionProperties) = preSolution
		HideSolutionNode = FALSE
	EndGlobalSection
	GlobalSection(ExtensibilityGlobals) = postSolution
		SolutionGuid = {15041DA6-581E-4393-9ABA-C377ADA4D87A}
	EndGlobalSection
EndGlobal
